// !$*UTF8*$!
{
	archiveVersion = 1;
	classes = {
	};
	objectVersion = 50;
	objects = {

/* Begin PBXBuildFile section */
		41BBC6FD2629E5BA00025159 /* AppDelegate.swift in Sources */ = {isa = PBXBuildFile; fileRef = 41BBC6FC2629E5BA00025159 /* AppDelegate.swift */; };
		41BBC6FF2629E5BA00025159 /* SceneDelegate.swift in Sources */ = {isa = PBXBuildFile; fileRef = 41BBC6FE2629E5BA00025159 /* SceneDelegate.swift */; };
		41BBC7012629E5BA00025159 /* ContentView.swift in Sources */ = {isa = PBXBuildFile; fileRef = 41BBC7002629E5BA00025159 /* ContentView.swift */; };
		41BBC7032629E5BE00025159 /* Assets.xcassets in Resources */ = {isa = PBXBuildFile; fileRef = 41BBC7022629E5BE00025159 /* Assets.xcassets */; };
		41BBC7062629E5BE00025159 /* Preview Assets.xcassets in Resources */ = {isa = PBXBuildFile; fileRef = 41BBC7052629E5BE00025159 /* Preview Assets.xcassets */; };
		41BBC7092629E5BE00025159 /* LaunchScreen.storyboard in Resources */ = {isa = PBXBuildFile; fileRef = 41BBC7072629E5BE00025159 /* LaunchScreen.storyboard */; };
		41E7C5E128F62341009A67EC /* sconfitta.png in Resources */ = {isa = PBXBuildFile; fileRef = 41E7C5DD28F62340009A67EC /* sconfitta.png */; };
		41E7C5E228F62341009A67EC /* pareggio.png in Resources */ = {isa = PBXBuildFile; fileRef = 41E7C5DE28F62341009A67EC /* pareggio.png */; };
		41E7C5E328F62341009A67EC /* schermata.png in Resources */ = {isa = PBXBuildFile; fileRef = 41E7C5DF28F62341009A67EC /* schermata.png */; };
		41E7C5E428F62341009A67EC /* vittoria.png in Resources */ = {isa = PBXBuildFile; fileRef = 41E7C5E028F62341009A67EC /* vittoria.png */; };
/* End PBXBuildFile section */

/* Begin PBXFileReference section */
		41BBC6F92629E5BA00025159 /* RockPaperScissors.app */ = {isa = PBXFileReference; explicitFileType = wrapper.application; includeInIndex = 0; path = RockPaperScissors.app; sourceTree = BUILT_PRODUCTS_DIR; };
		41BBC6FC2629E5BA00025159 /* AppDelegate.swift */ = {isa = PBXFileReference; lastKnownFileType = sourcecode.swift; path = AppDelegate.swift; sourceTree = "<group>"; };
		41BBC6FE2629E5BA00025159 /* SceneDelegate.swift */ = {isa = PBXFileReference; lastKnownFileType = sourcecode.swift; path = SceneDelegate.swift; sourceTree = "<group>"; };
		41BBC7002629E5BA00025159 /* ContentView.swift */ = {isa = PBXFileReference; lastKnownFileType = sourcecode.swift; path = ContentView.swift; sourceTree = "<group>"; };
		41BBC7022629E5BE00025159 /* Assets.xcassets */ = {isa = PBXFileReference; lastKnownFileType = folder.assetcatalog; path = Assets.xcassets; sourceTree = "<group>"; };
		41BBC7052629E5BE00025159 /* Preview Assets.xcassets */ = {isa = PBXFileReference; lastKnownFileType = folder.assetcatalog; path = "Preview Assets.xcassets"; sourceTree = "<group>"; };
		41BBC7082629E5BE00025159 /* Base */ = {isa = PBXFileReference; lastKnownFileType = file.storyboard; name = Base; path = Base.lproj/LaunchScreen.storyboard; sourceTree = "<group>"; };
		41BBC70A2629E5BE00025159 /* Info.plist */ = {isa = PBXFileReference; lastKnownFileType = text.plist.xml; path = Info.plist; sourceTree = "<group>"; };
		41E7C5D228F620AE009A67EC /* README.md */ = {isa = PBXFileReference; lastKnownFileType = net.daringfireball.markdown; path = README.md; sourceTree = "<group>"; };
		41E7C5DD28F62340009A67EC /* sconfitta.png */ = {isa = PBXFileReference; lastKnownFileType = image.png; path = sconfitta.png; sourceTree = "<group>"; };
		41E7C5DE28F62341009A67EC /* pareggio.png */ = {isa = PBXFileReference; lastKnownFileType = image.png; path = pareggio.png; sourceTree = "<group>"; };
		41E7C5DF28F62341009A67EC /* schermata.png */ = {isa = PBXFileReference; lastKnownFileType = image.png; path = schermata.png; sourceTree = "<group>"; };
		41E7C5E028F62341009A67EC /* vittoria.png */ = {isa = PBXFileReference; lastKnownFileType = image.png; path = vittoria.png; sourceTree = "<group>"; };
/* End PBXFileReference section */

/* Begin PBXFrameworksBuildPhase section */
		41BBC6F62629E5BA00025159 /* Frameworks */ = {
			isa = PBXFrameworksBuildPhase;
			buildActionMask = 2147483647;
			files = (
			);
			runOnlyForDeploymentPostprocessing = 0;
		};
/* End PBXFrameworksBuildPhase section */

/* Begin PBXGroup section */
		41BBC6F02629E5BA00025159 = {
			isa = PBXGroup;
			children = (
				41E7C5D228F620AE009A67EC /* README.md */,
				41BBC6FB2629E5BA00025159 /* RockPaperScissors */,
				41BBC6FA2629E5BA00025159 /* Products */,
			);
			sourceTree = "<group>";
		};
		41BBC6FA2629E5BA00025159 /* Products */ = {
			isa = PBXGroup;
			children = (
				41BBC6F92629E5BA00025159 /* RockPaperScissors.app */,
			);
			name = Products;
			sourceTree = "<group>";
		};
		41BBC6FB2629E5BA00025159 /* RockPaperScissors */ = {
			isa = PBXGroup;
			children = (
				41E7C5D328F62241009A67EC /* Media */,
				41BBC6FC2629E5BA00025159 /* AppDelegate.swift */,
				41BBC6FE2629E5BA00025159 /* SceneDelegate.swift */,
				41BBC7002629E5BA00025159 /* ContentView.swift */,
				41BBC7022629E5BE00025159 /* Assets.xcassets */,
				41BBC7072629E5BE00025159 /* LaunchScreen.storyboard */,
				41BBC70A2629E5BE00025159 /* Info.plist */,
				41BBC7042629E5BE00025159 /* Preview Content */,
			);
			path = RockPaperScissors;
			sourceTree = "<group>";
		};
		41BBC7042629E5BE00025159 /* Preview Content */ = {
			isa = PBXGroup;
			children = (
				41BBC7052629E5BE00025159 /* Preview Assets.xcassets */,
			);
			path = "Preview Content";
			sourceTree = "<group>";
		};
		41E7C5D328F62241009A67EC /* Media */ = {
			isa = PBXGroup;
			children = (
				41E7C5D428F622AF009A67EC /* READMEIMAGE */,
			);
			path = Media;
			sourceTree = "<group>";
		};
		41E7C5D428F622AF009A67EC /* READMEIMAGE */ = {
			isa = PBXGroup;
			children = (
				41E7C5DE28F62341009A67EC /* pareggio.png */,
				41E7C5DF28F62341009A67EC /* schermata.png */,
				41E7C5DD28F62340009A67EC /* sconfitta.png */,
				41E7C5E028F62341009A67EC /* vittoria.png */,
			);
			path = READMEIMAGE;
			sourceTree = "<group>";
		};
/* End PBXGroup section */

/* Begin PBXNativeTarget section */
		41BBC6F82629E5BA00025159 /* RockPaperScissors */ = {
			isa = PBXNativeTarget;
			buildConfigurationList = 41BBC70D2629E5BE00025159 /* Build configuration list for PBXNativeTarget "RockPaperScissors" */;
			buildPhases = (
				41BBC6F52629E5BA00025159 /* Sources */,
				41BBC6F62629E5BA00025159 /* Frameworks */,
				41BBC6F72629E5BA00025159 /* Resources */,
			);
			buildRules = (
			);
			dependencies = (
			);
			name = RockPaperScissors;
			productName = RockPaperScissors;
			productReference = 41BBC6F92629E5BA00025159 /* RockPaperScissors.app */;
			productType = "com.apple.product-type.application";
		};
/* End PBXNativeTarget section */

/* Begin PBXProject section */
		41BBC6F12629E5BA00025159 /* Project object */ = {
			isa = PBXProject;
			attributes = {
				LastSwiftUpdateCheck = 1230;
				LastUpgradeCheck = 1230;
				TargetAttributes = {
					41BBC6F82629E5BA00025159 = {
						CreatedOnToolsVersion = 12.3;
					};
				};
			};
			buildConfigurationList = 41BBC6F42629E5BA00025159 /* Build configuration list for PBXProject "RockPaperScissors" */;
			compatibilityVersion = "Xcode 9.3";
			developmentRegion = en;
			hasScannedForEncodings = 0;
			knownRegions = (
				en,
				Base,
			);
			mainGroup = 41BBC6F02629E5BA00025159;
			productRefGroup = 41BBC6FA2629E5BA00025159 /* Products */;
			projectDirPath = "";
			projectRoot = "";
			targets = (
				41BBC6F82629E5BA00025159 /* RockPaperScissors */,
			);
		};
/* End PBXProject section */

/* Begin PBXResourcesBuildPhase section */
		41BBC6F72629E5BA00025159 /* Resources */ = {
			isa = PBXResourcesBuildPhase;
			buildActionMask = 2147483647;
			files = (
				41BBC7092629E5BE00025159 /* LaunchScreen.storyboard in Resources */,
				41E7C5E228F62341009A67EC /* pareggio.png in Resources */,
				41E7C5E428F62341009A67EC /* vittoria.png in Resources */,
				41E7C5E328F62341009A67EC /* schermata.png in Resources */,
				41BBC7062629E5BE00025159 /* Preview Assets.xcassets in Resources */,
				41BBC7032629E5BE00025159 /* Assets.xcassets in Resources */,
				41E7C5E128F62341009A67EC /* sconfitta.png in Resources */,
			);
			runOnlyForDeploymentPostprocessing = 0;
		};
/* End PBXResourcesBuildPhase section */

/* Begin PBXSourcesBuildPhase section */
		41BBC6F52629E5BA00025159 /* Sources */ = {
			isa = PBXSourcesBuildPhase;
			buildActionMask = 2147483647;
			files = (
				41BBC6FD2629E5BA00025159 /* AppDelegate.swift in Sources */,
				41BBC6FF2629E5BA00025159 /* SceneDelegate.swift in Sources */,
				41BBC7012629E5BA00025159 /* ContentView.swift in Sources */,
			);
			runOnlyForDeploymentPostprocessing = 0;
		};
/* End PBXSourcesBuildPhase section */

/* Begin PBXVariantGroup section */
		41BBC7072629E5BE00025159 /* LaunchScreen.storyboard */ = {
			isa = PBXVariantGroup;
			children = (
				41BBC7082629E5BE00025159 /* Base */,
			);
			name = LaunchScreen.storyboard;
			sourceTree = "<group>";
		};
/* End PBXVariantGroup section */

/* Begin XCBuildConfiguration section */
		41BBC70B2629E5BE00025159 /* Debug */ = {
			isa = XCBuildConfiguration;
			buildSettings = {
				ALWAYS_SEARCH_USER_PATHS = NO;
				CLANG_ANALYZER_NONNULL = YES;
				CLANG_ANALYZER_NUMBER_OBJECT_CONVERSION = YES_AGGRESSIVE;
				CLANG_CXX_LANGUAGE_STANDARD = "gnu++14";
				CLANG_CXX_LIBRARY = "libc++";
				CLANG_ENABLE_MODULES = YES;
				CLANG_ENABLE_OBJC_ARC = YES;
				CLANG_ENABLE_OBJC_WEAK = YES;
				CLANG_WARN_BLOCK_CAPTURE_AUTORELEASING = YES;
				CLANG_WARN_BOOL_CONVERSION = YES;
				CLANG_WARN_COMMA = YES;
				CLANG_WARN_CONSTANT_CONVERSION = YES;
				CLANG_WARN_DEPRECATED_OBJC_IMPLEMENTATIONS = YES;
				CLANG_WARN_DIRECT_OBJC_ISA_USAGE = YES_ERROR;
				CLANG_WARN_DOCUMENTATION_COMMENTS = YES;
				CLANG_WARN_EMPTY_BODY = YES;
				CLANG_WARN_ENUM_CONVERSION = YES;
				CLANG_WARN_INFINITE_RECURSION = YES;
				CLANG_WARN_INT_CONVERSION = YES;
				CLANG_WARN_NON_LITERAL_NULL_CONVERSION = YES;
				CLANG_WARN_OBJC_IMPLICIT_RETAIN_SELF = YES;
				CLANG_WARN_OBJC_LITERAL_CONVERSION = YES;
				CLANG_WARN_OBJC_ROOT_CLASS = YES_ERROR;
				CLANG_WARN_QUOTED_INCLUDE_IN_FRAMEWORK_HEADER = YES;
				CLANG_WARN_RANGE_LOOP_ANALYSIS = YES;
				CLANG_WARN_STRICT_PROTOTYPES = YES;
				CLANG_WARN_SUSPICIOUS_MOVE = YES;
				CLANG_WARN_UNGUARDED_AVAILABILITY = YES_AGGRESSIVE;
				CLANG_WARN_UNREACHABLE_CODE = YES;
				CLANG_WARN__DUPLICATE_METHOD_MATCH = YES;
				COPY_PHASE_STRIP = NO;
				DEBUG_INFORMATION_FORMAT = dwarf;
				ENABLE_STRICT_OBJC_MSGSEND = YES;
				ENABLE_TESTABILITY = YES;
				GCC_C_LANGUAGE_STANDARD = gnu11;
				GCC_DYNAMIC_NO_PIC = NO;
				GCC_NO_COMMON_BLOCKS = YES;
				GCC_OPTIMIZATION_LEVEL = 0;
				GCC_PREPROCESSOR_DEFINITIONS = (
					"DEBUG=1",
					"$(inherited)",
				);
				GCC_WARN_64_TO_32_BIT_CONVERSION = YES;
				GCC_WARN_ABOUT_RETURN_TYPE = YES_ERROR;
				GCC_WARN_UNDECLARED_SELECTOR = YES;
				GCC_WARN_UNINITIALIZED_AUTOS = YES_AGGRESSIVE;
				GCC_WARN_UNUSED_FUNCTION = YES;
				GCC_WARN_UNUSED_VARIABLE = YES;
				IPHONEOS_DEPLOYMENT_TARGET = 14.3;
				MTL_ENABLE_DEBUG_INFO = INCLUDE_SOURCE;
				MTL_FAST_MATH = YES;
				ONLY_ACTIVE_ARCH = YES;
				SDKROOT = iphoneos;
				SWIFT_ACTIVE_COMPILATION_CONDITIONS = DEBUG;
				SWIFT_OPTIMIZATION_LEVEL = "-Onone";
			};
			name = Debug;
		};
		41BBC70C2629E5BE00025159 /* Release */ = {
			isa = XCBuildConfiguration;
			buildSettings = {
				ALWAYS_SEARCH_USER_PATHS = NO;
				CLANG_ANALYZER_NONNULL = YES;
				CLANG_ANALYZER_NUMBER_OBJECT_CONVERSION = YES_AGGRESSIVE;
				CLANG_CXX_LANGUAGE_STANDARD = "gnu++14";
				CLANG_CXX_LIBRARY = "libc++";
				CLANG_ENABLE_MODULES = YES;
				CLANG_ENABLE_OBJC_ARC = YES;
				CLANG_ENABLE_OBJC_WEAK = YES;
				CLANG_WARN_BLOCK_CAPTURE_AUTORELEASING = YES;
				CLANG_WARN_BOOL_CONVERSION = YES;
				CLANG_WARN_COMMA = YES;
				CLANG_WARN_CONSTANT_CONVERSION = YES;
				CLANG_WARN_DEPRECATED_OBJC_IMPLEMENTATIONS = YES;
				CLANG_WARN_DIRECT_OBJC_ISA_USAGE = YES_ERROR;
				CLANG_WARN_DOCUMENTATION_COMMENTS = YES;
				CLANG_WARN_EMPTY_BODY = YES;
				CLANG_WARN_ENUM_CONVERSION = YES;
				CLANG_WARN_INFINITE_RECURSION = YES;
				CLANG_WARN_INT_CONVERSION = YES;
				CLANG_WARN_NON_LITERAL_NULL_CONVERSION = YES;
				CLANG_WARN_OBJC_IMPLICIT_RETAIN_SELF = YES;
				CLANG_WARN_OBJC_LITERAL_CONVERSION = YES;
				CLANG_WARN_OBJC_ROOT_CLASS = YES_ERROR;
				CLANG_WARN_QUOTED_INCLUDE_IN_FRAMEWORK_HEADER = YES;
				CLANG_WARN_RANGE_LOOP_ANALYSIS = YES;
				CLANG_WARN_STRICT_PROTOTYPES = YES;
				CLANG_WARN_SUSPICIOUS_MOVE = YES;
				CLANG_WARN_UNGUARDED_AVAILABILITY = YES_AGGRESSIVE;
				CLANG_WARN_UNREACHABLE_CODE = YES;
				CLANG_WARN__DUPLICATE_METHOD_MATCH = YES;
				COPY_PHASE_STRIP = NO;
				DEBUG_INFORMATION_FORMAT = "dwarf-with-dsym";
				ENABLE_NS_ASSERTIONS = NO;
				ENABLE_STRICT_OBJC_MSGSEND = YES;
				GCC_C_LANGUAGE_STANDARD = gnu11;
				GCC_NO_COMMON_BLOCKS = YES;
				GCC_WARN_64_TO_32_BIT_CONVERSION = YES;
				GCC_WARN_ABOUT_RETURN_TYPE = YES_ERROR;
				GCC_WARN_UNDECLARED_SELECTOR = YES;
				GCC_WARN_UNINITIALIZED_AUTOS = YES_AGGRESSIVE;
				GCC_WARN_UNUSED_FUNCTION = YES;
				GCC_WARN_UNUSED_VARIABLE = YES;
				IPHONEOS_DEPLOYMENT_TARGET = 14.3;
				MTL_ENABLE_DEBUG_INFO = NO;
				MTL_FAST_MATH = YES;
				SDKROOT = iphoneos;
				SWIFT_COMPILATION_MODE = wholemodule;
				SWIFT_OPTIMIZATION_LEVEL = "-O";
				VALIDATE_PRODUCT = YES;
			};
			name = Release;
		};
		41BBC70E2629E5BE00025159 /* Debug */ = {
			isa = XCBuildConfiguration;
			buildSettings = {
				ASSETCATALOG_COMPILER_APPICON_NAME = AppIcon;
				ASSETCATALOG_COMPILER_GLOBAL_ACCENT_COLOR_NAME = AccentColor;
				CODE_SIGN_STYLE = Automatic;
				DEVELOPMENT_ASSET_PATHS = "\"RockPaperScissors/Preview Content\"";
				DEVELOPMENT_TEAM = 6Z5XRRGAZV;
				ENABLE_PREVIEWS = YES;
				INFOPLIST_FILE = RockPaperScissors/Info.plist;
				IPHONEOS_DEPLOYMENT_TARGET = 13.0;
				LD_RUNPATH_SEARCH_PATHS = (
					"$(inherited)",
					"@executable_path/Frameworks",
				);
				PRODUCT_BUNDLE_IDENTIFIER = manuelmacaj.RockPaperScissors;
				PRODUCT_NAME = "$(TARGET_NAME)";
				SWIFT_VERSION = 5.0;
				TARGETED_DEVICE_FAMILY = 1;
			};
			name = Debug;
		};
		41BBC70F2629E5BE00025159 /* Release */ = {
			isa = XCBuildConfiguration;
			buildSettings = {
				ASSETCATALOG_COMPILER_APPICON_NAME = AppIcon;
				ASSETCATALOG_COMPILER_GLOBAL_ACCENT_COLOR_NAME = AccentColor;
				CODE_SIGN_STYLE = Automatic;
				DEVELOPMENT_ASSET_PATHS = "\"RockPaperScissors/Preview Content\"";
				DEVELOPMENT_TEAM = 6Z5XRRGAZV;
				ENABLE_PREVIEWS = YES;
				INFOPLIST_FILE = RockPaperScissors/Info.plist;
				IPHONEOS_DEPLOYMENT_TARGET = 13.0;
				LD_RUNPATH_SEARCH_PATHS = (
					"$(inherited)",
					"@executable_path/Frameworks",
				);
				PRODUCT_BUNDLE_IDENTIFIER = manuelmacaj.RockPaperScissors;
				PRODUCT_NAME = "$(TARGET_NAME)";
				SWIFT_VERSION = 5.0;
				TARGETED_DEVICE_FAMILY = 1;
			};
			name = Release;
		};
/* End XCBuildConfiguration section */

/* Begin XCConfigurationList section */
		41BBC6F42629E5BA00025159 /* Build configuration list for PBXProject "RockPaperScissors" */ = {
			isa = XCConfigurationList;
			buildConfigurations = (
				41BBC70B2629E5BE00025159 /* Debug */,
				41BBC70C2629E5BE00025159 /* Release */,
			);
			defaultConfigurationIsVisible = 0;
			defaultConfigurationName = Release;
		};
		41BBC70D2629E5BE00025159 /* Build configuration list for PBXNativeTarget "RockPaperScissors" */ = {
			isa = XCConfigurationList;
			buildConfigurations = (
				41BBC70E2629E5BE00025159 /* Debug */,
				41BBC70F2629E5BE00025159 /* Release */,
			);
			defaultConfigurationIsVisible = 0;
			defaultConfigurationName = Release;
		};
/* End XCConfigurationList section */
	};
	rootObject = 41BBC6F12629E5BA00025159 /* Project object */;
}
